
Microsoft Visual Studio Solution File, Format Version 12.00
# Visual Studio 15
VisualStudioVersion = 15.0.28010.2016
MinimumVisualStudioVersion = 10.0.40219.1
Project("{FAE04EC0-301F-11D3-BF4B-00C04F79EFBC}") = "WpfApp1", "WpfApp1\WpfApp1.csproj", "{0D1CA211-4C41-4218-B78D-8EC7366766EE}"
EndProject
Global
	GlobalSection(SolutionConfigurationPlatforms) = preSolution
		Debug|Any CPU = Debug|Any CPU
		Release|Any CPU = Release|Any CPU
	EndGlobalSection
	GlobalSection(ProjectConfigurationPlatforms) = postSolution
		{0D1CA211-4C41-4218-B78D-8EC7366766EE}.Debug|Any CPU.ActiveCfg = Debug|Any CPU
		{0D1CA211-4C41-4218-B78D-8EC7366766EE}.Debug|Any CPU.Build.0 = Debug|Any CPU
		{0D1CA211-4C41-4218-B78D-8EC7366766EE}.Release|Any CPU.ActiveCfg = Release|Any CPU
		{0D1CA211-4C41-4218-B78D-8EC7366766EE}.Release|Any CPU.Build.0 = Release|Any CPU
	EndGlobalSection
	GlobalSection(SolutionProperties) = preSolution
		HideSolutionNode = FALSE
	EndGlobalSection
	GlobalSection(ExtensibilityGlobals) = postSolution
		SolutionGuid = {EE8A2D25-D2B6-4E44-A89C-73EB08A5321A}
	EndGlobalSection
EndGlobal
